{
    "_readme": [
        "This file locks the dependencies of your project to a known state",
        "Read more about it at https://getcomposer.org/doc/01-basic-usage.md#composer-lock-the-lock-file",
        "This file is @generated automatically"
    ],
    "hash": "5957c455900f95c0f6decacfbc68dc2a",
    "content-hash": "acb7cded34742dc1c3aae7dfd13ce87d",
    "packages": [
        {
            "name": "chh/optparse",
            "version": "v0.1.0",
            "source": {
                "type": "git",
                "url": "https://github.com/CHH/optparse.git",
                "reference": "83bc89f295e8f9fd40a19fecbcd133dab6c0b3d7"
            },
            "dist": {
                "type": "zip",
                "url": "https://api.github.com/repos/CHH/optparse/zipball/83bc89f295e8f9fd40a19fecbcd133dab6c0b3d7",
                "reference": "83bc89f295e8f9fd40a19fecbcd133dab6c0b3d7",
                "shasum": ""
            },
            "require": {
                "php": ">=5.3.3"
            },
            "type": "library",
            "autoload": {
                "classmap": [
                    "lib/"
                ]
            },
            "notification-url": "https://packagist.org/downloads/",
            "license": [
                "mit"
            ],
            "authors": [
                {
                    "name": "Christoph Hochstrasser",
                    "email": "me@christophh.net",
                    "homepage": "http://christophh.net"
                }
            ],
            "description": "Easy to use option parser.",
            "keywords": [
                "cli"
            ],
            "time": "2012-12-19 18:13:05"
        },
        {
            "name": "guilhermegeek/communia",
            "version": "dev-dev",
            "source": {
                "type": "git",
                "url": "https://github.com/guilhermegeek/communia.git",
                "reference": "b5e4f400375913341cc150148310b839fe8053e8"
            },
            "dist": {
                "type": "zip",
                "url": "https://api.github.com/repos/guilhermegeek/communia/zipball/b5e4f400375913341cc150148310b839fe8053e8",
                "reference": "b5e4f400375913341cc150148310b839fe8053e8",
                "shasum": ""
            },
            "require-dev": {
                "phpunit/phpunit": "~4.5"
            },
            "type": "library",
            "autoload": {
                "psr-4": {
                    "Pi\\": "src/Pi",
                    "Pi\\Interfaces\\": "src/Pi-Interfaces",
                    "Mocks\\": "tests/Mocks",
                    "Mocks\\Hydrators\\": "/tmp",
                    "Test\\": "tests/Pi"
                }
            },
            "notification-url": "https://packagist.org/downloads/",
            "time": "2016-04-17 20:02:00"
        },
        {
            "name": "guilhermegeek/ken",
            "version": "dev-dev",
            "source": {
                "type": "git",
                "url": "https://github.com/guilhermegeek/ken.git",
                "reference": "f3d735e44f923e95a49c1294edbea9dee0b5300e"
            },
            "dist": {
                "type": "zip",
                "url": "https://api.github.com/repos/guilhermegeek/ken/zipball/f3d735e44f923e95a49c1294edbea9dee0b5300e",
                "reference": "f3d735e44f923e95a49c1294edbea9dee0b5300e",
                "shasum": ""
            },
            "require": {
                "chh/optparse": "^0.1.0",
                "guilhermegeek/communia": "dev-dev"
            },
            "require-dev": {
                "phpunit/phpunit": "~4.5"
            },
            "type": "library",
            "autoload": {
                "psr-4": {
                    "Ken\\": "src/Ken",
                    "Test\\": "tests/Ken"
                }
            },
            "notification-url": "https://packagist.org/downloads/",
            "license": [
                "MIT"
            ],
            "authors": [
                {
                    "name": "Guilherme Cardoso",
                    "email": "email@guilhermecardoso.pt"
                }
            ],
            "description": "Build automation tool for Hacklang projects",
            "homepage": "https://github.com/guilhermegeek/ken",
            "keywords": [
                "automation",
                "build"
            ],
            "time": "2016-04-18 01:52:32"
        }
    ],
    "packages-dev": [],
    "aliases": [],
    "minimum-stability": "stable",
    "stability-flags": {
        "guilhermegeek/communia": 20,
        "guilhermegeek/ken": 20
    },
    "prefer-stable": false,
    "prefer-lowest": false,
    "platform": [],
    "platform-dev": []
}
